// !$*UTF8*$!
{
	archiveVersion = 1;
	classes = {
	};
	objectVersion = 48;
	objects = {

/* Begin PBXBuildFile section */
		07393C374D723B17A6C46A87 /* Pods_OTV.framework in Frameworks */ = {isa = PBXBuildFile; fileRef = F3FEF5197F315EBF76C343F7 /* Pods_OTV.framework */; };
		4D05388A2094924500AA41B8 /* FormatterKit.framework in Frameworks */ = {isa = PBXBuildFile; fileRef = 4D0538892094924500AA41B8 /* FormatterKit.framework */; };
		4D0A76A9206D3440005F30A2 /* VideoOptionsTableViewController.m in Sources */ = {isa = PBXBuildFile; fileRef = 4D0A76A8206D3440005F30A2 /* VideoOptionsTableViewController.m */; };
		4D3A74672054564C00F743A7 /* ChoiceViewController.m in Sources */ = {isa = PBXBuildFile; fileRef = 4D3A74662054564C00F743A7 /* ChoiceViewController.m */; };
		4D3A746A2054565800F743A7 /* ProgressViewController.m in Sources */ = {isa = PBXBuildFile; fileRef = 4D3A74692054565800F743A7 /* ProgressViewController.m */; };
		4D446BC7204C1CB600C858E3 /* AppDelegate.m in Sources */ = {isa = PBXBuildFile; fileRef = 4D446BC6204C1CB600C858E3 /* AppDelegate.m */; };
		4D446BCD204C1CB600C858E3 /* Main.storyboard in Resources */ = {isa = PBXBuildFile; fileRef = 4D446BCB204C1CB600C858E3 /* Main.storyboard */; };
		4D446BCF204C1CB600C858E3 /* Assets.xcassets in Resources */ = {isa = PBXBuildFile; fileRef = 4D446BCE204C1CB600C858E3 /* Assets.xcassets */; };
		4D446BD2204C1CB600C858E3 /* main.m in Sources */ = {isa = PBXBuildFile; fileRef = 4D446BD1204C1CB600C858E3 /* main.m */; };
		4D446BD8204C229300C858E3 /* AFNetworking.framework in Frameworks */ = {isa = PBXBuildFile; fileRef = 4D446BDB204C229300C858E3 /* AFNetworking.framework */; };
		4D446BD9204C229300C858E3 /* hpple.framework in Frameworks */ = {isa = PBXBuildFile; fileRef = 4D446BDC204C229300C858E3 /* hpple.framework */; };
		4D446BDA204C229300C858E3 /* SVProgressHUD.framework in Frameworks */ = {isa = PBXBuildFile; fileRef = 4D446BDD204C229300C858E3 /* SVProgressHUD.framework */; };
		4D446BE0204C287700C858E3 /* Browser.m in Sources */ = {isa = PBXBuildFile; fileRef = 4D446BDF204C287700C858E3 /* Browser.m */; };
		4D446BE3204C345800C858E3 /* OTVItem.m in Sources */ = {isa = PBXBuildFile; fileRef = 4D446BE2204C345800C858E3 /* OTVItem.m */; };
		4D446BE6204C35AD00C858E3 /* TableViewController.m in Sources */ = {isa = PBXBuildFile; fileRef = 4D446BE5204C35AD00C858E3 /* TableViewController.m */; };
		4D446BE9204C3E3400C858E3 /* AVKit.framework in Frameworks */ = {isa = PBXBuildFile; fileRef = 4D446BE7204C3E3300C858E3 /* AVKit.framework */; };
		4D446BEA204C3E3400C858E3 /* AVFoundation.framework in Frameworks */ = {isa = PBXBuildFile; fileRef = 4D446BE8204C3E3300C858E3 /* AVFoundation.framework */; };
		4D446BED204C429F00C858E3 /* VideoViewController.m in Sources */ = {isa = PBXBuildFile; fileRef = 4D446BEC204C429F00C858E3 /* VideoViewController.m */; };
		4D446BEF204C44D600C858E3 /* AudioToolbox.framework in Frameworks */ = {isa = PBXBuildFile; fileRef = 4D446BEE204C44D600C858E3 /* AudioToolbox.framework */; };
		4D446BF1204C44DD00C858E3 /* CoreMedia.framework in Frameworks */ = {isa = PBXBuildFile; fileRef = 4D446BF0204C44DD00C858E3 /* CoreMedia.framework */; };
		4D446BF3204C44FD00C858E3 /* VideoToolbox.framework in Frameworks */ = {isa = PBXBuildFile; fileRef = 4D446BF2204C44FD00C858E3 /* VideoToolbox.framework */; };
		4D446BF5204C46A200C858E3 /* libc++.tbd in Frameworks */ = {isa = PBXBuildFile; fileRef = 4D446BF4204C46A200C858E3 /* libc++.tbd */; };
		4D446BF7204C46AC00C858E3 /* libiconv.tbd in Frameworks */ = {isa = PBXBuildFile; fileRef = 4D446BF6204C46AC00C858E3 /* libiconv.tbd */; };
		4DCEF0D920C6E55E009FD1B9 /* Pods-OTV-acknowledgements.markdown in Resources */ = {isa = PBXBuildFile; fileRef = 4DCEF0D820C6E55E009FD1B9 /* Pods-OTV-acknowledgements.markdown */; };
		4DCEF0DC20C6E5BB009FD1B9 /* AcknowledgementsViewController.m in Sources */ = {isa = PBXBuildFile; fileRef = 4DCEF0DB20C6E5BB009FD1B9 /* AcknowledgementsViewController.m */; };
/* End PBXBuildFile section */

/* Begin PBXFileReference section */
		4D0538892094924500AA41B8 /* FormatterKit.framework */ = {isa = PBXFileReference; explicitFileType = wrapper.framework; path = FormatterKit.framework; sourceTree = BUILT_PRODUCTS_DIR; };
		4D0A76A7206D3440005F30A2 /* VideoOptionsTableViewController.h */ = {isa = PBXFileReference; lastKnownFileType = sourcecode.c.h; path = VideoOptionsTableViewController.h; sourceTree = "<group>"; };
		4D0A76A8206D3440005F30A2 /* VideoOptionsTableViewController.m */ = {isa = PBXFileReference; lastKnownFileType = sourcecode.c.objc; path = VideoOptionsTableViewController.m; sourceTree = "<group>"; };
		4D3A74652054564C00F743A7 /* ChoiceViewController.h */ = {isa = PBXFileReference; lastKnownFileType = sourcecode.c.h; path = ChoiceViewController.h; sourceTree = "<group>"; };
		4D3A74662054564C00F743A7 /* ChoiceViewController.m */ = {isa = PBXFileReference; lastKnownFileType = sourcecode.c.objc; path = ChoiceViewController.m; sourceTree = "<group>"; };
		4D3A74682054565800F743A7 /* ProgressViewController.h */ = {isa = PBXFileReference; lastKnownFileType = sourcecode.c.h; path = ProgressViewController.h; sourceTree = "<group>"; };
		4D3A74692054565800F743A7 /* ProgressViewController.m */ = {isa = PBXFileReference; lastKnownFileType = sourcecode.c.objc; path = ProgressViewController.m; sourceTree = "<group>"; };
		4D446BC2204C1CB600C858E3 /* OTV.app */ = {isa = PBXFileReference; explicitFileType = wrapper.application; includeInIndex = 0; path = OTV.app; sourceTree = BUILT_PRODUCTS_DIR; };
		4D446BC5204C1CB600C858E3 /* AppDelegate.h */ = {isa = PBXFileReference; lastKnownFileType = sourcecode.c.h; path = AppDelegate.h; sourceTree = "<group>"; };
		4D446BC6204C1CB600C858E3 /* AppDelegate.m */ = {isa = PBXFileReference; lastKnownFileType = sourcecode.c.objc; path = AppDelegate.m; sourceTree = "<group>"; };
		4D446BCC204C1CB600C858E3 /* Base */ = {isa = PBXFileReference; lastKnownFileType = file.storyboard; name = Base; path = Base.lproj/Main.storyboard; sourceTree = "<group>"; };
		4D446BCE204C1CB600C858E3 /* Assets.xcassets */ = {isa = PBXFileReference; lastKnownFileType = folder.assetcatalog; path = Assets.xcassets; sourceTree = "<group>"; };
		4D446BD0204C1CB600C858E3 /* Info.plist */ = {isa = PBXFileReference; lastKnownFileType = text.plist.xml; path = Info.plist; sourceTree = "<group>"; };
		4D446BD1204C1CB600C858E3 /* main.m */ = {isa = PBXFileReference; lastKnownFileType = sourcecode.c.objc; path = main.m; sourceTree = "<group>"; };
		4D446BDB204C229300C858E3 /* AFNetworking.framework */ = {isa = PBXFileReference; explicitFileType = wrapper.framework; path = AFNetworking.framework; sourceTree = BUILT_PRODUCTS_DIR; };
		4D446BDC204C229300C858E3 /* hpple.framework */ = {isa = PBXFileReference; explicitFileType = wrapper.framework; path = hpple.framework; sourceTree = BUILT_PRODUCTS_DIR; };
		4D446BDD204C229300C858E3 /* SVProgressHUD.framework */ = {isa = PBXFileReference; explicitFileType = wrapper.framework; path = SVProgressHUD.framework; sourceTree = BUILT_PRODUCTS_DIR; };
		4D446BDE204C287700C858E3 /* Browser.h */ = {isa = PBXFileReference; lastKnownFileType = sourcecode.c.h; path = Browser.h; sourceTree = "<group>"; };
		4D446BDF204C287700C858E3 /* Browser.m */ = {isa = PBXFileReference; lastKnownFileType = sourcecode.c.objc; path = Browser.m; sourceTree = "<group>"; };
		4D446BE1204C345800C858E3 /* OTVItem.h */ = {isa = PBXFileReference; lastKnownFileType = sourcecode.c.h; path = OTVItem.h; sourceTree = "<group>"; };
		4D446BE2204C345800C858E3 /* OTVItem.m */ = {isa = PBXFileReference; lastKnownFileType = sourcecode.c.objc; path = OTVItem.m; sourceTree = "<group>"; };
		4D446BE4204C35AD00C858E3 /* TableViewController.h */ = {isa = PBXFileReference; lastKnownFileType = sourcecode.c.h; path = TableViewController.h; sourceTree = "<group>"; };
		4D446BE5204C35AD00C858E3 /* TableViewController.m */ = {isa = PBXFileReference; lastKnownFileType = sourcecode.c.objc; path = TableViewController.m; sourceTree = "<group>"; };
		4D446BE7204C3E3300C858E3 /* AVKit.framework */ = {isa = PBXFileReference; lastKnownFileType = wrapper.framework; name = AVKit.framework; path = System/Library/Frameworks/AVKit.framework; sourceTree = SDKROOT; };
		4D446BE8204C3E3300C858E3 /* AVFoundation.framework */ = {isa = PBXFileReference; lastKnownFileType = wrapper.framework; name = AVFoundation.framework; path = System/Library/Frameworks/AVFoundation.framework; sourceTree = SDKROOT; };
		4D446BEB204C429F00C858E3 /* VideoViewController.h */ = {isa = PBXFileReference; lastKnownFileType = sourcecode.c.h; path = VideoViewController.h; sourceTree = "<group>"; };
		4D446BEC204C429F00C858E3 /* VideoViewController.m */ = {isa = PBXFileReference; lastKnownFileType = sourcecode.c.objc; path = VideoViewController.m; sourceTree = "<group>"; };
		4D446BEE204C44D600C858E3 /* AudioToolbox.framework */ = {isa = PBXFileReference; lastKnownFileType = wrapper.framework; name = AudioToolbox.framework; path = System/Library/Frameworks/AudioToolbox.framework; sourceTree = SDKROOT; };
		4D446BF0204C44DD00C858E3 /* CoreMedia.framework */ = {isa = PBXFileReference; lastKnownFileType = wrapper.framework; name = CoreMedia.framework; path = System/Library/Frameworks/CoreMedia.framework; sourceTree = SDKROOT; };
		4D446BF2204C44FD00C858E3 /* VideoToolbox.framework */ = {isa = PBXFileReference; lastKnownFileType = wrapper.framework; name = VideoToolbox.framework; path = System/Library/Frameworks/VideoToolbox.framework; sourceTree = SDKROOT; };
		4D446BF4204C46A200C858E3 /* libc++.tbd */ = {isa = PBXFileReference; lastKnownFileType = "sourcecode.text-based-dylib-definition"; name = "libc++.tbd"; path = "usr/lib/libc++.tbd"; sourceTree = SDKROOT; };
		4D446BF6204C46AC00C858E3 /* libiconv.tbd */ = {isa = PBXFileReference; lastKnownFileType = "sourcecode.text-based-dylib-definition"; name = libiconv.tbd; path = usr/lib/libiconv.tbd; sourceTree = SDKROOT; };
		4DCEF0D820C6E55E009FD1B9 /* Pods-OTV-acknowledgements.markdown */ = {isa = PBXFileReference; fileEncoding = 4; lastKnownFileType = net.daringfireball.markdown; name = "Pods-OTV-acknowledgements.markdown"; path = "Pods/Target Support Files/Pods-OTV/Pods-OTV-acknowledgements.markdown"; sourceTree = SOURCE_ROOT; };
		4DCEF0DA20C6E5BB009FD1B9 /* AcknowledgementsViewController.h */ = {isa = PBXFileReference; lastKnownFileType = sourcecode.c.h; path = AcknowledgementsViewController.h; sourceTree = "<group>"; };
		4DCEF0DB20C6E5BB009FD1B9 /* AcknowledgementsViewController.m */ = {isa = PBXFileReference; lastKnownFileType = sourcecode.c.objc; path = AcknowledgementsViewController.m; sourceTree = "<group>"; };
		BDBC0509E4897DF3B0FC5D82 /* Pods-OTV.debug.xcconfig */ = {isa = PBXFileReference; includeInIndex = 1; lastKnownFileType = text.xcconfig; name = "Pods-OTV.debug.xcconfig"; path = "Pods/Target Support Files/Pods-OTV/Pods-OTV.debug.xcconfig"; sourceTree = "<group>"; };
		C622312FC5F81DFC8F425C99 /* Pods-OTV.release.xcconfig */ = {isa = PBXFileReference; includeInIndex = 1; lastKnownFileType = text.xcconfig; name = "Pods-OTV.release.xcconfig"; path = "Pods/Target Support Files/Pods-OTV/Pods-OTV.release.xcconfig"; sourceTree = "<group>"; };
		F3FEF5197F315EBF76C343F7 /* Pods_OTV.framework */ = {isa = PBXFileReference; explicitFileType = wrapper.framework; includeInIndex = 0; path = Pods_OTV.framework; sourceTree = BUILT_PRODUCTS_DIR; };
/* End PBXFileReference section */

/* Begin PBXFrameworksBuildPhase section */
		4D446BBF204C1CB600C858E3 /* Frameworks */ = {
			isa = PBXFrameworksBuildPhase;
			buildActionMask = 2147483647;
			files = (
				4D05388A2094924500AA41B8 /* FormatterKit.framework in Frameworks */,
				4D446BF7204C46AC00C858E3 /* libiconv.tbd in Frameworks */,
				4D446BF5204C46A200C858E3 /* libc++.tbd in Frameworks */,
				4D446BF3204C44FD00C858E3 /* VideoToolbox.framework in Frameworks */,
				4D446BF1204C44DD00C858E3 /* CoreMedia.framework in Frameworks */,
				4D446BEF204C44D600C858E3 /* AudioToolbox.framework in Frameworks */,
				4D446BE9204C3E3400C858E3 /* AVKit.framework in Frameworks */,
				4D446BEA204C3E3400C858E3 /* AVFoundation.framework in Frameworks */,
				4D446BD8204C229300C858E3 /* AFNetworking.framework in Frameworks */,
				4D446BD9204C229300C858E3 /* hpple.framework in Frameworks */,
				4D446BDA204C229300C858E3 /* SVProgressHUD.framework in Frameworks */,
				07393C374D723B17A6C46A87 /* Pods_OTV.framework in Frameworks */,
			);
			runOnlyForDeploymentPostprocessing = 0;
		};
/* End PBXFrameworksBuildPhase section */

/* Begin PBXGroup section */
		33FAAE8953E2CC2420FAC72A /* Pods */ = {
			isa = PBXGroup;
			children = (
				BDBC0509E4897DF3B0FC5D82 /* Pods-OTV.debug.xcconfig */,
				C622312FC5F81DFC8F425C99 /* Pods-OTV.release.xcconfig */,
			);
			name = Pods;
			sourceTree = "<group>";
		};
		4D446BB9204C1CB600C858E3 = {
			isa = PBXGroup;
			children = (
				4DCEF0D720C6E4F2009FD1B9 /* Resources */,
				4D446BC4204C1CB600C858E3 /* OTV */,
				4D446BC3204C1CB600C858E3 /* Products */,
				33FAAE8953E2CC2420FAC72A /* Pods */,
				9197CF57304D6FC1C9ED44C9 /* Frameworks */,
			);
			sourceTree = "<group>";
		};
		4D446BC3204C1CB600C858E3 /* Products */ = {
			isa = PBXGroup;
			children = (
				4D446BC2204C1CB600C858E3 /* OTV.app */,
			);
			name = Products;
			sourceTree = "<group>";
		};
		4D446BC4204C1CB600C858E3 /* OTV */ = {
			isa = PBXGroup;
			children = (
				4D446BC5204C1CB600C858E3 /* AppDelegate.h */,
				4D446BC6204C1CB600C858E3 /* AppDelegate.m */,
				4D446BCB204C1CB600C858E3 /* Main.storyboard */,
				4D446BCE204C1CB600C858E3 /* Assets.xcassets */,
				4D446BD0204C1CB600C858E3 /* Info.plist */,
				4D446BD1204C1CB600C858E3 /* main.m */,
				4D446BDE204C287700C858E3 /* Browser.h */,
				4D446BDF204C287700C858E3 /* Browser.m */,
				4D446BE1204C345800C858E3 /* OTVItem.h */,
				4D446BE2204C345800C858E3 /* OTVItem.m */,
				4D446BE4204C35AD00C858E3 /* TableViewController.h */,
				4D446BE5204C35AD00C858E3 /* TableViewController.m */,
				4D446BEB204C429F00C858E3 /* VideoViewController.h */,
				4D446BEC204C429F00C858E3 /* VideoViewController.m */,
				4D3A74652054564C00F743A7 /* ChoiceViewController.h */,
				4D3A74662054564C00F743A7 /* ChoiceViewController.m */,
				4D3A74682054565800F743A7 /* ProgressViewController.h */,
				4D3A74692054565800F743A7 /* ProgressViewController.m */,
				4D0A76A7206D3440005F30A2 /* VideoOptionsTableViewController.h */,
				4D0A76A8206D3440005F30A2 /* VideoOptionsTableViewController.m */,
				4DCEF0DA20C6E5BB009FD1B9 /* AcknowledgementsViewController.h */,
				4DCEF0DB20C6E5BB009FD1B9 /* AcknowledgementsViewController.m */,
			);
			path = OTV;
			sourceTree = "<group>";
		};
		4DCEF0D720C6E4F2009FD1B9 /* Resources */ = {
			isa = PBXGroup;
			children = (
				4DCEF0D820C6E55E009FD1B9 /* Pods-OTV-acknowledgements.markdown */,
			);
			path = Resources;
			sourceTree = "<group>";
		};
		9197CF57304D6FC1C9ED44C9 /* Frameworks */ = {
			isa = PBXGroup;
			children = (
				4D0538892094924500AA41B8 /* FormatterKit.framework */,
				4D446BF6204C46AC00C858E3 /* libiconv.tbd */,
				4D446BF4204C46A200C858E3 /* libc++.tbd */,
				4D446BF2204C44FD00C858E3 /* VideoToolbox.framework */,
				4D446BF0204C44DD00C858E3 /* CoreMedia.framework */,
				4D446BEE204C44D600C858E3 /* AudioToolbox.framework */,
				4D446BE8204C3E3300C858E3 /* AVFoundation.framework */,
				4D446BE7204C3E3300C858E3 /* AVKit.framework */,
				4D446BDB204C229300C858E3 /* AFNetworking.framework */,
				4D446BDC204C229300C858E3 /* hpple.framework */,
				4D446BDD204C229300C858E3 /* SVProgressHUD.framework */,
				F3FEF5197F315EBF76C343F7 /* Pods_OTV.framework */,
			);
			name = Frameworks;
			sourceTree = "<group>";
		};
/* End PBXGroup section */

/* Begin PBXNativeTarget section */
		4D446BC1204C1CB600C858E3 /* OTV */ = {
			isa = PBXNativeTarget;
			buildConfigurationList = 4D446BD5204C1CB600C858E3 /* Build configuration list for PBXNativeTarget "OTV" */;
			buildPhases = (
				71983662F960DA960C0B6405 /* [CP] Check Pods Manifest.lock */,
				4D446BBE204C1CB600C858E3 /* Sources */,
				4D446BBF204C1CB600C858E3 /* Frameworks */,
				4D446BC0204C1CB600C858E3 /* Resources */,
				C59DFBF264F777B6952CF58B /* [CP] Embed Pods Frameworks */,
			);
			buildRules = (
			);
			dependencies = (
			);
			name = OTV;
			productName = OTV;
			productReference = 4D446BC2204C1CB600C858E3 /* OTV.app */;
			productType = "com.apple.product-type.application";
		};
/* End PBXNativeTarget section */

/* Begin PBXProject section */
		4D446BBA204C1CB600C858E3 /* Project object */ = {
			isa = PBXProject;
			attributes = {
				LastUpgradeCheck = 0930;
				ORGANIZATIONNAME = "Rimantas Lukosevicius";
				TargetAttributes = {
					4D446BC1204C1CB600C858E3 = {
						CreatedOnToolsVersion = 9.2;
						ProvisioningStyle = Automatic;
					};
				};
			};
			buildConfigurationList = 4D446BBD204C1CB600C858E3 /* Build configuration list for PBXProject "OTV" */;
			compatibilityVersion = "Xcode 8.0";
			developmentRegion = en;
			hasScannedForEncodings = 0;
			knownRegions = (
				en,
				Base,
			);
			mainGroup = 4D446BB9204C1CB600C858E3;
			productRefGroup = 4D446BC3204C1CB600C858E3 /* Products */;
			projectDirPath = "";
			projectRoot = "";
			targets = (
				4D446BC1204C1CB600C858E3 /* OTV */,
			);
		};
/* End PBXProject section */

/* Begin PBXResourcesBuildPhase section */
		4D446BC0204C1CB600C858E3 /* Resources */ = {
			isa = PBXResourcesBuildPhase;
			buildActionMask = 2147483647;
			files = (
				4D446BCF204C1CB600C858E3 /* Assets.xcassets in Resources */,
				4DCEF0D920C6E55E009FD1B9 /* Pods-OTV-acknowledgements.markdown in Resources */,
				4D446BCD204C1CB600C858E3 /* Main.storyboard in Resources */,
			);
			runOnlyForDeploymentPostprocessing = 0;
		};
/* End PBXResourcesBuildPhase section */

/* Begin PBXShellScriptBuildPhase section */
		71983662F960DA960C0B6405 /* [CP] Check Pods Manifest.lock */ = {
			isa = PBXShellScriptBuildPhase;
			buildActionMask = 2147483647;
			files = (
			);
			inputPaths = (
				"${PODS_PODFILE_DIR_PATH}/Podfile.lock",
				"${PODS_ROOT}/Manifest.lock",
			);
			name = "[CP] Check Pods Manifest.lock";
			outputPaths = (
				"$(DERIVED_FILE_DIR)/Pods-OTV-checkManifestLockResult.txt",
			);
			runOnlyForDeploymentPostprocessing = 0;
			shellPath = /bin/sh;
			shellScript = "diff \"${PODS_PODFILE_DIR_PATH}/Podfile.lock\" \"${PODS_ROOT}/Manifest.lock\" > /dev/null\nif [ $? != 0 ] ; then\n    # print error to STDERR\n    echo \"error: The sandbox is not in sync with the Podfile.lock. Run 'pod install' or update your CocoaPods installation.\" >&2\n    exit 1\nfi\n# This output is used by Xcode 'outputs' to avoid re-running this script phase.\necho \"SUCCESS\" > \"${SCRIPT_OUTPUT_FILE_0}\"\n";
			showEnvVarsInLog = 0;
		};
		C59DFBF264F777B6952CF58B /* [CP] Embed Pods Frameworks */ = {
			isa = PBXShellScriptBuildPhase;
			buildActionMask = 2147483647;
			files = (
			);
			inputPaths = (
				"${PODS_ROOT}/Target Support Files/Pods-OTV/Pods-OTV-frameworks.sh",
				"${BUILT_PRODUCTS_DIR}/AFNetworking/AFNetworking.framework",
				"${BUILT_PRODUCTS_DIR}/FormatterKit/FormatterKit.framework",
				"${BUILT_PRODUCTS_DIR}/SVProgressHUD/SVProgressHUD.framework",
				"${BUILT_PRODUCTS_DIR}/hpple/hpple.framework",
			);
			name = "[CP] Embed Pods Frameworks";
			outputPaths = (
				"${TARGET_BUILD_DIR}/${FRAMEWORKS_FOLDER_PATH}/AFNetworking.framework",
				"${TARGET_BUILD_DIR}/${FRAMEWORKS_FOLDER_PATH}/FormatterKit.framework",
				"${TARGET_BUILD_DIR}/${FRAMEWORKS_FOLDER_PATH}/SVProgressHUD.framework",
				"${TARGET_BUILD_DIR}/${FRAMEWORKS_FOLDER_PATH}/hpple.framework",
			);
			runOnlyForDeploymentPostprocessing = 0;
			shellPath = /bin/sh;
			shellScript = "\"${PODS_ROOT}/Target Support Files/Pods-OTV/Pods-OTV-frameworks.sh\"\n";
			showEnvVarsInLog = 0;
		};
/* End PBXShellScriptBuildPhase section */

/* Begin PBXSourcesBuildPhase section */
		4D446BBE204C1CB600C858E3 /* Sources */ = {
			isa = PBXSourcesBuildPhase;
			buildActionMask = 2147483647;
			files = (
				4D446BE0204C287700C858E3 /* Browser.m in Sources */,
				4D446BE3204C345800C858E3 /* OTVItem.m in Sources */,
				4D446BED204C429F00C858E3 /* VideoViewController.m in Sources */,
				4D446BD2204C1CB600C858E3 /* main.m in Sources */,
				4D446BE6204C35AD00C858E3 /* TableViewController.m in Sources */,
				4D3A74672054564C00F743A7 /* ChoiceViewController.m in Sources */,
				4DCEF0DC20C6E5BB009FD1B9 /* AcknowledgementsViewController.m in Sources */,
				4D0A76A9206D3440005F30A2 /* VideoOptionsTableViewController.m in Sources */,
				4D446BC7204C1CB600C858E3 /* AppDelegate.m in Sources */,
				4D3A746A2054565800F743A7 /* ProgressViewController.m in Sources */,
			);
			runOnlyForDeploymentPostprocessing = 0;
		};
/* End PBXSourcesBuildPhase section */

/* Begin PBXVariantGroup section */
		4D446BCB204C1CB600C858E3 /* Main.storyboard */ = {
			isa = PBXVariantGroup;
			children = (
				4D446BCC204C1CB600C858E3 /* Base */,
			);
			name = Main.storyboard;
			sourceTree = "<group>";
		};
/* End PBXVariantGroup section */

/* Begin XCBuildConfiguration section */
		4D446BD3204C1CB600C858E3 /* Debug */ = {
			isa = XCBuildConfiguration;
			buildSettings = {
				ALWAYS_SEARCH_USER_PATHS = NO;
				CLANG_ANALYZER_NONNULL = YES;
				CLANG_ANALYZER_NUMBER_OBJECT_CONVERSION = YES_AGGRESSIVE;
				CLANG_CXX_LANGUAGE_STANDARD = "gnu++14";
				CLANG_CXX_LIBRARY = "libc++";
				CLANG_ENABLE_MODULES = YES;
				CLANG_ENABLE_OBJC_ARC = YES;
				CLANG_WARN_BLOCK_CAPTURE_AUTORELEASING = YES;
				CLANG_WARN_BOOL_CONVERSION = YES;
				CLANG_WARN_COMMA = YES;
				CLANG_WARN_CONSTANT_CONVERSION = YES;
				CLANG_WARN_DEPRECATED_OBJC_IMPLEMENTATIONS = YES;
				CLANG_WARN_DIRECT_OBJC_ISA_USAGE = YES_ERROR;
				CLANG_WARN_DOCUMENTATION_COMMENTS = YES;
				CLANG_WARN_EMPTY_BODY = YES;
				CLANG_WARN_ENUM_CONVERSION = YES;
				CLANG_WARN_INFINITE_RECURSION = YES;
				CLANG_WARN_INT_CONVERSION = YES;
				CLANG_WARN_NON_LITERAL_NULL_CONVERSION = YES;
				CLANG_WARN_OBJC_IMPLICIT_RETAIN_SELF = YES;
				CLANG_WARN_OBJC_LITERAL_CONVERSION = YES;
				CLANG_WARN_OBJC_ROOT_CLASS = YES_ERROR;
				CLANG_WARN_RANGE_LOOP_ANALYSIS = YES;
				CLANG_WARN_STRICT_PROTOTYPES = YES;
				CLANG_WARN_SUSPICIOUS_MOVE = YES;
				CLANG_WARN_UNGUARDED_AVAILABILITY = YES_AGGRESSIVE;
				CLANG_WARN_UNREACHABLE_CODE = YES;
				CLANG_WARN__DUPLICATE_METHOD_MATCH = YES;
				COPY_PHASE_STRIP = NO;
				DEBUG_INFORMATION_FORMAT = dwarf;
				ENABLE_STRICT_OBJC_MSGSEND = YES;
				ENABLE_TESTABILITY = YES;
				GCC_C_LANGUAGE_STANDARD = gnu11;
				GCC_DYNAMIC_NO_PIC = NO;
				GCC_NO_COMMON_BLOCKS = YES;
				GCC_OPTIMIZATION_LEVEL = 0;
				GCC_PREPROCESSOR_DEFINITIONS = (
					"DEBUG=1",
					"$(inherited)",
				);
				GCC_WARN_64_TO_32_BIT_CONVERSION = YES;
				GCC_WARN_ABOUT_RETURN_TYPE = YES_ERROR;
				GCC_WARN_UNDECLARED_SELECTOR = YES;
				GCC_WARN_UNINITIALIZED_AUTOS = YES_AGGRESSIVE;
				GCC_WARN_UNUSED_FUNCTION = YES;
				GCC_WARN_UNUSED_VARIABLE = YES;
				MTL_ENABLE_DEBUG_INFO = YES;
				ONLY_ACTIVE_ARCH = YES;
				SDKROOT = appletvos;
				TVOS_DEPLOYMENT_TARGET = 11.2;
			};
			name = Debug;
		};
		4D446BD4204C1CB600C858E3 /* Release */ = {
			isa = XCBuildConfiguration;
			buildSettings = {
				ALWAYS_SEARCH_USER_PATHS = NO;
				CLANG_ANALYZER_NONNULL = YES;
				CLANG_ANALYZER_NUMBER_OBJECT_CONVERSION = YES_AGGRESSIVE;
				CLANG_CXX_LANGUAGE_STANDARD = "gnu++14";
				CLANG_CXX_LIBRARY = "libc++";
				CLANG_ENABLE_MODULES = YES;
				CLANG_ENABLE_OBJC_ARC = YES;
				CLANG_WARN_BLOCK_CAPTURE_AUTORELEASING = YES;
				CLANG_WARN_BOOL_CONVERSION = YES;
				CLANG_WARN_COMMA = YES;
				CLANG_WARN_CONSTANT_CONVERSION = YES;
				CLANG_WARN_DEPRECATED_OBJC_IMPLEMENTATIONS = YES;
				CLANG_WARN_DIRECT_OBJC_ISA_USAGE = YES_ERROR;
				CLANG_WARN_DOCUMENTATION_COMMENTS = YES;
				CLANG_WARN_EMPTY_BODY = YES;
				CLANG_WARN_ENUM_CONVERSION = YES;
				CLANG_WARN_INFINITE_RECURSION = YES;
				CLANG_WARN_INT_CONVERSION = YES;
				CLANG_WARN_NON_LITERAL_NULL_CONVERSION = YES;
				CLANG_WARN_OBJC_IMPLICIT_RETAIN_SELF = YES;
				CLANG_WARN_OBJC_LITERAL_CONVERSION = YES;
				CLANG_WARN_OBJC_ROOT_CLASS = YES_ERROR;
				CLANG_WARN_RANGE_LOOP_ANALYSIS = YES;
				CLANG_WARN_STRICT_PROTOTYPES = YES;
				CLANG_WARN_SUSPICIOUS_MOVE = YES;
				CLANG_WARN_UNGUARDED_AVAILABILITY = YES_AGGRESSIVE;
				CLANG_WARN_UNREACHABLE_CODE = YES;
				CLANG_WARN__DUPLICATE_METHOD_MATCH = YES;
				COPY_PHASE_STRIP = NO;
				DEBUG_INFORMATION_FORMAT = "dwarf-with-dsym";
				ENABLE_NS_ASSERTIONS = NO;
				ENABLE_STRICT_OBJC_MSGSEND = YES;
				GCC_C_LANGUAGE_STANDARD = gnu11;
				GCC_NO_COMMON_BLOCKS = YES;
				GCC_WARN_64_TO_32_BIT_CONVERSION = YES;
				GCC_WARN_ABOUT_RETURN_TYPE = YES_ERROR;
				GCC_WARN_UNDECLARED_SELECTOR = YES;
				GCC_WARN_UNINITIALIZED_AUTOS = YES_AGGRESSIVE;
				GCC_WARN_UNUSED_FUNCTION = YES;
				GCC_WARN_UNUSED_VARIABLE = YES;
				MTL_ENABLE_DEBUG_INFO = NO;
				SDKROOT = appletvos;
				TVOS_DEPLOYMENT_TARGET = 11.2;
				VALIDATE_PRODUCT = YES;
			};
			name = Release;
		};
		4D446BD6204C1CB600C858E3 /* Debug */ = {
			isa = XCBuildConfiguration;
			baseConfigurationReference = BDBC0509E4897DF3B0FC5D82 /* Pods-OTV.debug.xcconfig */;
			buildSettings = {
				ASSETCATALOG_COMPILER_LAUNCHIMAGE_NAME = LaunchImage;
				CODE_SIGN_STYLE = Automatic;
				DEVELOPMENT_TEAM = 2AWB3N3D5T;
				INFOPLIST_FILE = OTV/Info.plist;
				LD_RUNPATH_SEARCH_PATHS = "$(inherited) @executable_path/Frameworks";
				PRODUCT_BUNDLE_IDENTIFIER = lt.keyspace.OTV;
				PRODUCT_NAME = "$(TARGET_NAME)";
				TARGETED_DEVICE_FAMILY = 3;
			};
			name = Debug;
		};
		4D446BD7204C1CB600C858E3 /* Release */ = {
			isa = XCBuildConfiguration;
			baseConfigurationReference = C622312FC5F81DFC8F425C99 /* Pods-OTV.release.xcconfig */;
			buildSettings = {
				ASSETCATALOG_COMPILER_LAUNCHIMAGE_NAME = LaunchImage;
				CODE_SIGN_STYLE = Automatic;
				DEVELOPMENT_TEAM = 2AWB3N3D5T;
				INFOPLIST_FILE = OTV/Info.plist;
				LD_RUNPATH_SEARCH_PATHS = "$(inherited) @executable_path/Frameworks";
				PRODUCT_BUNDLE_IDENTIFIER = lt.keyspace.OTV;
				PRODUCT_NAME = "$(TARGET_NAME)";
				TARGETED_DEVICE_FAMILY = 3;
			};
			name = Release;
		};
/* End XCBuildConfiguration section */

/* Begin XCConfigurationList section */
		4D446BBD204C1CB600C858E3 /* Build configuration list for PBXProject "OTV" */ = {
			isa = XCConfigurationList;
			buildConfigurations = (
				4D446BD3204C1CB600C858E3 /* Debug */,
				4D446BD4204C1CB600C858E3 /* Release */,
			);
			defaultConfigurationIsVisible = 0;
			defaultConfigurationName = Release;
		};
		4D446BD5204C1CB600C858E3 /* Build configuration list for PBXNativeTarget "OTV" */ = {
			isa = XCConfigurationList;
			buildConfigurations = (
				4D446BD6204C1CB600C858E3 /* Debug */,
				4D446BD7204C1CB600C858E3 /* Release */,
			);
			defaultConfigurationIsVisible = 0;
			defaultConfigurationName = Release;
		};
/* End XCConfigurationList section */
	};
	rootObject = 4D446BBA204C1CB600C858E3 /* Project object */;
}
